
Microsoft Visual Studio Solution File, Format Version 12.00
# Visual Studio 15
VisualStudioVersion = 15.0.28010.2050
MinimumVisualStudioVersion = 10.0.40219.1
Project("{9A19103F-16F7-4668-BE54-9A1E7A4F7556}") = "EasyMoolah.Console", "EasyMoolah.Console\EasyMoolah.Console.csproj", "{2F41E702-251C-46CD-9F82-E654460A2F28}"
EndProject
Project("{9A19103F-16F7-4668-BE54-9A1E7A4F7556}") = "EasyMoolah.Model", "EasyMoolah.Model\EasyMoolah.Model.csproj", "{5ABDF0EB-6389-47C8-A210-61F67B78CFFB}"
EndProject
Project("{9A19103F-16F7-4668-BE54-9A1E7A4F7556}") = "EasyMoolah.Domain", "EasyMoolah.Domain\EasyMoolah.Domain.csproj", "{A411AEB2-0189-4259-AC60-0C9B77CDE044}"
EndProject
Project("{9A19103F-16F7-4668-BE54-9A1E7A4F7556}") = "EasyMoolah.Notification", "EasyMoolah.Notification\EasyMoolah.Notification.csproj", "{936AC402-5433-4087-BB47-40A83076DF8C}"
EndProject
Project("{2150E333-8FDC-42A3-9474-1A3956D46DE8}") = "Integration", "Integration", "{C42892C7-E1EE-498C-8370-9766FE5B79AC}"
	ProjectSection(SolutionItems) = preProject
		Readme.txt = Readme.txt
	EndProjectSection
EndProject
Project("{9A19103F-16F7-4668-BE54-9A1E7A4F7556}") = "Fincheck.Integration", "Fincheck.Integration\Fincheck.Integration.csproj", "{C32474E8-1BE1-4EC8-9D91-8E6B959BD39B}"
EndProject
Project("{FAE04EC0-301F-11D3-BF4B-00C04F79EFBC}") = "EasyMoolah.Repository", "EasyMoolah.Repository\EasyMoolah.Repository.csproj", "{D8F15E8E-DC39-409E-853B-B6CAE99AC74F}"
EndProject
Project("{FAE04EC0-301F-11D3-BF4B-00C04F79EFBC}") = "EasyMoolah.API", "EasyMoolah.API\EasyMoolah.API.csproj", "{3F7EF5FD-25B0-4671-A0C0-B1FF3BE3E972}"
EndProject
Project("{FAE04EC0-301F-11D3-BF4B-00C04F79EFBC}") = "Nedbank.Integration", "Nedbank.Integration\Nedbank.Integration.csproj", "{E7BEF9DD-2B24-4380-9F5C-F3C713ACE06D}"
EndProject
Project("{FAE04EC0-301F-11D3-BF4B-00C04F79EFBC}") = "Nedbank.Tests", "Nedbank.Tests\Nedbank.Tests.csproj", "{0661809E-342F-44FF-BCBD-5C5465E2EF76}"
EndProject
Global
	GlobalSection(SolutionConfigurationPlatforms) = preSolution
		Debug|Any CPU = Debug|Any CPU
		Release|Any CPU = Release|Any CPU
	EndGlobalSection
	GlobalSection(ProjectConfigurationPlatforms) = postSolution
		{2F41E702-251C-46CD-9F82-E654460A2F28}.Debug|Any CPU.ActiveCfg = Debug|Any CPU
		{2F41E702-251C-46CD-9F82-E654460A2F28}.Debug|Any CPU.Build.0 = Debug|Any CPU
		{2F41E702-251C-46CD-9F82-E654460A2F28}.Release|Any CPU.ActiveCfg = Release|Any CPU
		{2F41E702-251C-46CD-9F82-E654460A2F28}.Release|Any CPU.Build.0 = Release|Any CPU
		{5ABDF0EB-6389-47C8-A210-61F67B78CFFB}.Debug|Any CPU.ActiveCfg = Debug|Any CPU
		{5ABDF0EB-6389-47C8-A210-61F67B78CFFB}.Debug|Any CPU.Build.0 = Debug|Any CPU
		{5ABDF0EB-6389-47C8-A210-61F67B78CFFB}.Release|Any CPU.ActiveCfg = Release|Any CPU
		{5ABDF0EB-6389-47C8-A210-61F67B78CFFB}.Release|Any CPU.Build.0 = Release|Any CPU
		{A411AEB2-0189-4259-AC60-0C9B77CDE044}.Debug|Any CPU.ActiveCfg = Debug|Any CPU
		{A411AEB2-0189-4259-AC60-0C9B77CDE044}.Debug|Any CPU.Build.0 = Debug|Any CPU
		{A411AEB2-0189-4259-AC60-0C9B77CDE044}.Release|Any CPU.ActiveCfg = Release|Any CPU
		{A411AEB2-0189-4259-AC60-0C9B77CDE044}.Release|Any CPU.Build.0 = Release|Any CPU
		{936AC402-5433-4087-BB47-40A83076DF8C}.Debug|Any CPU.ActiveCfg = Debug|Any CPU
		{936AC402-5433-4087-BB47-40A83076DF8C}.Debug|Any CPU.Build.0 = Debug|Any CPU
		{936AC402-5433-4087-BB47-40A83076DF8C}.Release|Any CPU.ActiveCfg = Release|Any CPU
		{936AC402-5433-4087-BB47-40A83076DF8C}.Release|Any CPU.Build.0 = Release|Any CPU
		{C32474E8-1BE1-4EC8-9D91-8E6B959BD39B}.Debug|Any CPU.ActiveCfg = Debug|Any CPU
		{C32474E8-1BE1-4EC8-9D91-8E6B959BD39B}.Debug|Any CPU.Build.0 = Debug|Any CPU
		{C32474E8-1BE1-4EC8-9D91-8E6B959BD39B}.Release|Any CPU.ActiveCfg = Release|Any CPU
		{C32474E8-1BE1-4EC8-9D91-8E6B959BD39B}.Release|Any CPU.Build.0 = Release|Any CPU
		{D8F15E8E-DC39-409E-853B-B6CAE99AC74F}.Debug|Any CPU.ActiveCfg = Debug|Any CPU
		{D8F15E8E-DC39-409E-853B-B6CAE99AC74F}.Debug|Any CPU.Build.0 = Debug|Any CPU
		{D8F15E8E-DC39-409E-853B-B6CAE99AC74F}.Release|Any CPU.ActiveCfg = Release|Any CPU
		{D8F15E8E-DC39-409E-853B-B6CAE99AC74F}.Release|Any CPU.Build.0 = Release|Any CPU
		{3F7EF5FD-25B0-4671-A0C0-B1FF3BE3E972}.Debug|Any CPU.ActiveCfg = Debug|Any CPU
		{3F7EF5FD-25B0-4671-A0C0-B1FF3BE3E972}.Debug|Any CPU.Build.0 = Debug|Any CPU
		{3F7EF5FD-25B0-4671-A0C0-B1FF3BE3E972}.Release|Any CPU.ActiveCfg = Release|Any CPU
		{3F7EF5FD-25B0-4671-A0C0-B1FF3BE3E972}.Release|Any CPU.Build.0 = Release|Any CPU
		{E7BEF9DD-2B24-4380-9F5C-F3C713ACE06D}.Debug|Any CPU.ActiveCfg = Debug|Any CPU
		{E7BEF9DD-2B24-4380-9F5C-F3C713ACE06D}.Debug|Any CPU.Build.0 = Debug|Any CPU
		{E7BEF9DD-2B24-4380-9F5C-F3C713ACE06D}.Release|Any CPU.ActiveCfg = Release|Any CPU
		{E7BEF9DD-2B24-4380-9F5C-F3C713ACE06D}.Release|Any CPU.Build.0 = Release|Any CPU
		{0661809E-342F-44FF-BCBD-5C5465E2EF76}.Debug|Any CPU.ActiveCfg = Debug|Any CPU
		{0661809E-342F-44FF-BCBD-5C5465E2EF76}.Debug|Any CPU.Build.0 = Debug|Any CPU
		{0661809E-342F-44FF-BCBD-5C5465E2EF76}.Release|Any CPU.ActiveCfg = Release|Any CPU
		{0661809E-342F-44FF-BCBD-5C5465E2EF76}.Release|Any CPU.Build.0 = Release|Any CPU
	EndGlobalSection
	GlobalSection(SolutionProperties) = preSolution
		HideSolutionNode = FALSE
	EndGlobalSection
	GlobalSection(NestedProjects) = preSolution
		{C32474E8-1BE1-4EC8-9D91-8E6B959BD39B} = {C42892C7-E1EE-498C-8370-9766FE5B79AC}
		{E7BEF9DD-2B24-4380-9F5C-F3C713ACE06D} = {C42892C7-E1EE-498C-8370-9766FE5B79AC}
	EndGlobalSection
	GlobalSection(ExtensibilityGlobals) = postSolution
		SolutionGuid = {5525E91D-A1AE-4DFC-BCDA-FC1BF5F1E411}
	EndGlobalSection
EndGlobal
